
Microsoft Visual Studio Solution File, Format Version 12.00
# Visual Studio Version 16
VisualStudioVersion = 16.0.31025.194
MinimumVisualStudioVersion = 10.0.40219.1
Project("{FAE04EC0-301F-11D3-BF4B-00C04F79EFBC}") = "Manage_Property", "Manage_Property.csproj", "{EE202300-0404-4E15-A8B3-E576F7D57455}"
EndProject
Global
	GlobalSection(SolutionConfigurationPlatforms) = preSolution
		Debug|Any CPU = Debug|Any CPU
		Release|Any CPU = Release|Any CPU
	EndGlobalSection
	GlobalSection(ProjectConfigurationPlatforms) = postSolution
		{EE202300-0404-4E15-A8B3-E576F7D57455}.Debug|Any CPU.ActiveCfg = Debug|Any CPU
		{EE202300-0404-4E15-A8B3-E576F7D57455}.Debug|Any CPU.Build.0 = Debug|Any CPU
		{EE202300-0404-4E15-A8B3-E576F7D57455}.Release|Any CPU.ActiveCfg = Release|Any CPU
		{EE202300-0404-4E15-A8B3-E576F7D57455}.Release|Any CPU.Build.0 = Release|Any CPU
	EndGlobalSection
	GlobalSection(SolutionProperties) = preSolution
		HideSolutionNode = FALSE
	EndGlobalSection
	GlobalSection(ExtensibilityGlobals) = postSolution
		SolutionGuid = {C69C551E-9FB9-4C69-AF79-36CF506FE1D1}
	EndGlobalSection
EndGlobal
